<?xml version="1.0" encoding="utf-8"?>
<Project ToolsVersion="4.0" xmlns="http://schemas.microsoft.com/developer/msbuild/2003">
  <ItemGroup>
    <ClCompile Include="pch.cpp" />
    <ClCompile Include="Logger.cpp">
      <Filter>test</Filter>
    </ClCompile>
    <ClCompile Include="ModuleInfo.cpp">
      <Filter>test</Filter>
    </ClCompile>
    <ClCompile Include="utilities.cpp">
      <Filter>test</Filter>
    </ClCompile>
    <ClCompile Include="FileAccessInfo.cpp">
      <Filter>test</Filter>
    </ClCompile>
    <ClCompile Include="FileInfo.cpp">
      <Filter>test</Filter>
    </ClCompile>
  </ItemGroup>
  <ItemGroup>
    <ClInclude Include="pch.h" />
  </ItemGroup>
  <ItemGroup>
    <Filter Include="test">
      <UniqueIdentifier>{5bbc628b-037b-4f78-b293-eca18f75891e}</UniqueIdentifier>
    </Filter>
  </ItemGroup>
  <ItemGroup>
    <None Include="packages.config" />
  </ItemGroup>
</Project>